<?xml version="1.0" encoding="utf-8"?>
<Project ToolsVersion="4.0" xmlns="http://schemas.microsoft.com/developer/msbuild/2003">
  <ItemGroup>
    <Filter Include="Source Files">
      <UniqueIdentifier>{49232aed-33d3-46ef-ab0d-b7ba2d0c564f}</UniqueIdentifier>
      <Extensions>cpp;c;cxx;rc;def;r;odl;idl;hpj;bat</Extensions>
    </Filter>
    <Filter Include="Header Files">
      <UniqueIdentifier>{e0fc5ce2-859e-41f7-8f4f-51cae27e06b4}</UniqueIdentifier>
      <Extensions>h;hpp;hxx;hm;inl</Extensions>
    </Filter>
    <Filter Include="Resource Files">
      <UniqueIdentifier>{47b37091-7647-43bd-bc86-96ffe99d0ad4}</UniqueIdentifier>
      <Extensions>ico;cur;bmp;dlg;rc2;rct;bin;rgs;gif;jpg;jpeg;jpe</Extensions>
    </Filter>
  </ItemGroup>
  <ItemGroup>
    <ClCompile Include="BMFileImpl.cpp">
      <Filter>Source Files</Filter>
    </ClCompile>
    <ClCompile Include="BMPackage.cpp">
      <Filter>Source Files</Filter>
    </ClCompile>
    <ClCompile Include="BMPlatform.cpp">
      <Filter>Source Files</Filter>
    </ClCompile>
    <ClCompile Include="BootModeIntegOpr.cpp">
      <Filter>Source Files</Filter>
    </ClCompile>
    <ClCompile Include="BootModeObj.cpp">
      <Filter>Source Files</Filter>
    </ClCompile>
    <ClCompile Include="BootModeObject.cpp">
      <Filter>Source Files</Filter>
    </ClCompile>
    <ClCompile Include="BootModeOpr.cpp">
      <Filter>Source Files</Filter>
    </ClCompile>
    <ClCompile Include="crc16.c">
      <Filter>Source Files</Filter>
    </ClCompile>
    <ClCompile Include="DLFile.cpp">
      <Filter>Source Files</Filter>
    </ClCompile>
    <ClCompile Include="HostProtocol.cpp">
      <Filter>Source Files</Filter>
    </ClCompile>
    <ClCompile Include="IBMFile.cpp">
      <Filter>Source Files</Filter>
    </ClCompile>
    <ClCompile Include="OptionHelpper.cpp">
      <Filter>Source Files</Filter>
    </ClCompile>
    <ClCompile Include="PacketThread.cpp">
      <Filter>Source Files</Filter>
    </ClCompile>
    <ClCompile Include="StdAfx.cpp">
      <Filter>Source Files</Filter>
    </ClCompile>
  </ItemGroup>
  <ItemGroup>
    <None Include="BMPlatformD.def">
      <Filter>Source Files</Filter>
    </None>
    <None Include="res\BMPlatform.rc2">
      <Filter>Resource Files</Filter>
    </None>
    <None Include="ReadMe.txt" />
  </ItemGroup>
  <ItemGroup>
    <ResourceCompile Include="BMPlatform.rc">
      <Filter>Source Files</Filter>
    </ResourceCompile>
  </ItemGroup>
  <ItemGroup>
    <ClInclude Include="BMFileImpl.h">
      <Filter>Header Files</Filter>
    </ClInclude>
    <ClInclude Include="BMPackage.h">
      <Filter>Header Files</Filter>
    </ClInclude>
    <ClInclude Include="BMPlatform.h">
      <Filter>Header Files</Filter>
    </ClInclude>
    <ClInclude Include="BootModeIntegOpr.h">
      <Filter>Header Files</Filter>
    </ClInclude>
    <ClInclude Include="BootModeObj.h">
      <Filter>Header Files</Filter>
    </ClInclude>
    <ClInclude Include="BootModeObject.h">
      <Filter>Header Files</Filter>
    </ClInclude>
    <ClInclude Include="BootModeOpr.h">
      <Filter>Header Files</Filter>
    </ClInclude>
    <ClInclude Include="crc16.h">
      <Filter>Header Files</Filter>
    </ClInclude>
    <ClInclude Include="DLFile.h">
      <Filter>Header Files</Filter>
    </ClInclude>
    <ClInclude Include="HostProtocol.h">
      <Filter>Header Files</Filter>
    </ClInclude>
    <ClInclude Include="OptionHelpper.h">
      <Filter>Header Files</Filter>
    </ClInclude>
    <ClInclude Include="PacketThread.h">
      <Filter>Header Files</Filter>
    </ClInclude>
    <ClInclude Include="Resource.h">
      <Filter>Header Files</Filter>
    </ClInclude>
    <ClInclude Include="StdAfx.h">
      <Filter>Header Files</Filter>
    </ClInclude>
  </ItemGroup>
  <ItemGroup>
    <CustomBuildStep Include="BMPlatform.def">
      <Filter>Source Files</Filter>
    </CustomBuildStep>
  </ItemGroup>
</Project>